// !$*UTF8*$!
{
	archiveVersion = 1;
	classes = {
	};
	objectVersion = 77;
	objects = {

/* Begin PBXContainerItemProxy section */
		667850662F4C4C35004B5EE5 /* PBXContainerItemProxy */ = {
			isa = PBXContainerItemProxy;
			containerPortal = 667850502F4C4C32004B5EE5 /* Project object */;
			proxyType = 1;
			remoteGlobalIDString = 667850572F4C4C32004B5EE5;
			remoteInfo = "SwiftUI-Navigation-PoC";
		};
		667850702F4C4C35004B5EE5 /* PBXContainerItemProxy */ = {
			isa = PBXContainerItemProxy;
			containerPortal = 667850502F4C4C32004B5EE5 /* Project object */;
			proxyType = 1;
			remoteGlobalIDString = 667850572F4C4C32004B5EE5;
			remoteInfo = "SwiftUI-Navigation-PoC";
		};
/* End PBXContainerItemProxy section */

/* Begin PBXFileReference section */
		667850582F4C4C32004B5EE5 /* SwiftUI-Navigation-PoC.app */ = {isa = PBXFileReference; explicitFileType = wrapper.application; includeInIndex = 0; path = "SwiftUI-Navigation-PoC.app"; sourceTree = BUILT_PRODUCTS_DIR; };
		667850652F4C4C35004B5EE5 /* SwiftUI-Navigation-PoCTests.xctest */ = {isa = PBXFileReference; explicitFileType = wrapper.cfbundle; includeInIndex = 0; path = "SwiftUI-Navigation-PoCTests.xctest"; sourceTree = BUILT_PRODUCTS_DIR; };
		6678506F2F4C4C35004B5EE5 /* SwiftUI-Navigation-PoCUITests.xctest */ = {isa = PBXFileReference; explicitFileType = wrapper.cfbundle; includeInIndex = 0; path = "SwiftUI-Navigation-PoCUITests.xctest"; sourceTree = BUILT_PRODUCTS_DIR; };
/* End PBXFileReference section */

/* Begin PBXFileSystemSynchronizedRootGroup section */
		6678505A2F4C4C32004B5EE5 /* SwiftUI-Navigation-PoC */ = {
			isa = PBXFileSystemSynchronizedRootGroup;
			path = "SwiftUI-Navigation-PoC";
			sourceTree = "<group>";
		};
		667850682F4C4C35004B5EE5 /* SwiftUI-Navigation-PoCTests */ = {
			isa = PBXFileSystemSynchronizedRootGroup;
			path = "SwiftUI-Navigation-PoCTests";
			sourceTree = "<group>";
		};
		667850722F4C4C35004B5EE5 /* SwiftUI-Navigation-PoCUITests */ = {
			isa = PBXFileSystemSynchronizedRootGroup;
			path = "SwiftUI-Navigation-PoCUITests";
			sourceTree = "<group>";
		};
/* End PBXFileSystemSynchronizedRootGroup section */

/* Begin PBXFrameworksBuildPhase section */
		667850552F4C4C32004B5EE5 /* Frameworks */ = {
			isa = PBXFrameworksBuildPhase;
			buildActionMask = 2147483647;
			files = (
			);
			runOnlyForDeploymentPostprocessing = 0;
		};
		667850622F4C4C35004B5EE5 /* Frameworks */ = {
			isa = PBXFrameworksBuildPhase;
			buildActionMask = 2147483647;
			files = (
			);
			runOnlyForDeploymentPostprocessing = 0;
		};
		6678506C2F4C4C35004B5EE5 /* Frameworks */ = {
			isa = PBXFrameworksBuildPhase;
			buildActionMask = 2147483647;
			files = (
			);
			runOnlyForDeploymentPostprocessing = 0;
		};
/* End PBXFrameworksBuildPhase section */

/* Begin PBXGroup section */
		6678504F2F4C4C32004B5EE5 = {
			isa = PBXGroup;
			children = (
				6678505A2F4C4C32004B5EE5 /* SwiftUI-Navigation-PoC */,
				667850682F4C4C35004B5EE5 /* SwiftUI-Navigation-PoCTests */,
				667850722F4C4C35004B5EE5 /* SwiftUI-Navigation-PoCUITests */,
				667850592F4C4C32004B5EE5 /* Products */,
			);
			sourceTree = "<group>";
		};
		667850592F4C4C32004B5EE5 /* Products */ = {
			isa = PBXGroup;
			children = (
				667850582F4C4C32004B5EE5 /* SwiftUI-Navigation-PoC.app */,
				667850652F4C4C35004B5EE5 /* SwiftUI-Navigation-PoCTests.xctest */,
				6678506F2F4C4C35004B5EE5 /* SwiftUI-Navigation-PoCUITests.xctest */,
			);
			name = Products;
			sourceTree = "<group>";
		};
/* End PBXGroup section */

/* Begin PBXNativeTarget section */
		667850572F4C4C32004B5EE5 /* SwiftUI-Navigation-PoC */ = {
			isa = PBXNativeTarget;
			buildConfigurationList = 667850792F4C4C35004B5EE5 /* Build configuration list for PBXNativeTarget "SwiftUI-Navigation-PoC" */;
			buildPhases = (
				667850542F4C4C32004B5EE5 /* Sources */,
				667850552F4C4C32004B5EE5 /* Frameworks */,
				667850562F4C4C32004B5EE5 /* Resources */,
			);
			buildRules = (
			);
			dependencies = (
			);
			fileSystemSynchronizedGroups = (
				6678505A2F4C4C32004B5EE5 /* SwiftUI-Navigation-PoC */,
			);
			name = "SwiftUI-Navigation-PoC";
			packageProductDependencies = (
			);
			productName = "SwiftUI-Navigation-PoC";
			productReference = 667850582F4C4C32004B5EE5 /* SwiftUI-Navigation-PoC.app */;
			productType = "com.apple.product-type.application";
		};
		667850642F4C4C35004B5EE5 /* SwiftUI-Navigation-PoCTests */ = {
			isa = PBXNativeTarget;
			buildConfigurationList = 6678507C2F4C4C35004B5EE5 /* Build configuration list for PBXNativeTarget "SwiftUI-Navigation-PoCTests" */;
			buildPhases = (
				667850612F4C4C35004B5EE5 /* Sources */,
				667850622F4C4C35004B5EE5 /* Frameworks */,
				667850632F4C4C35004B5EE5 /* Resources */,
			);
			buildRules = (
			);
			dependencies = (
				667850672F4C4C35004B5EE5 /* PBXTargetDependency */,
			);
			fileSystemSynchronizedGroups = (
				667850682F4C4C35004B5EE5 /* SwiftUI-Navigation-PoCTests */,
			);
			name = "SwiftUI-Navigation-PoCTests";
			packageProductDependencies = (
			);
			productName = "SwiftUI-Navigation-PoCTests";
			productReference = 667850652F4C4C35004B5EE5 /* SwiftUI-Navigation-PoCTests.xctest */;
			productType = "com.apple.product-type.bundle.unit-test";
		};
		6678506E2F4C4C35004B5EE5 /* SwiftUI-Navigation-PoCUITests */ = {
			isa = PBXNativeTarget;
			buildConfigurationList = 6678507F2F4C4C35004B5EE5 /* Build configuration list for PBXNativeTarget "SwiftUI-Navigation-PoCUITests" */;
			buildPhases = (
				6678506B2F4C4C35004B5EE5 /* Sources */,
				6678506C2F4C4C35004B5EE5 /* Frameworks */,
				6678506D2F4C4C35004B5EE5 /* Resources */,
			);
			buildRules = (
			);
			dependencies = (
				667850712F4C4C35004B5EE5 /* PBXTargetDependency */,
			);
			fileSystemSynchronizedGroups = (
				667850722F4C4C35004B5EE5 /* SwiftUI-Navigation-PoCUITests */,
			);
			name = "SwiftUI-Navigation-PoCUITests";
			packageProductDependencies = (
			);
			productName = "SwiftUI-Navigation-PoCUITests";
			productReference = 6678506F2F4C4C35004B5EE5 /* SwiftUI-Navigation-PoCUITests.xctest */;
			productType = "com.apple.product-type.bundle.ui-testing";
		};
/* End PBXNativeTarget section */

/* Begin PBXProject section */
		667850502F4C4C32004B5EE5 /* Project object */ = {
			isa = PBXProject;
			attributes = {
				BuildIndependentTargetsInParallel = 1;
				LastSwiftUpdateCheck = 2620;
				LastUpgradeCheck = 2620;
				TargetAttributes = {
					667850572F4C4C32004B5EE5 = {
						CreatedOnToolsVersion = 26.2;
					};
					667850642F4C4C35004B5EE5 = {
						CreatedOnToolsVersion = 26.2;
						TestTargetID = 667850572F4C4C32004B5EE5;
					};
					6678506E2F4C4C35004B5EE5 = {
						CreatedOnToolsVersion = 26.2;
						TestTargetID = 667850572F4C4C32004B5EE5;
					};
				};
			};
			buildConfigurationList = 667850532F4C4C32004B5EE5 /* Build configuration list for PBXProject "SwiftUI-Navigation-PoC" */;
			developmentRegion = en;
			hasScannedForEncodings = 0;
			knownRegions = (
				en,
				Base,
			);
			mainGroup = 6678504F2F4C4C32004B5EE5;
			minimizedProjectReferenceProxies = 1;
			preferredProjectObjectVersion = 77;
			productRefGroup = 667850592F4C4C32004B5EE5 /* Products */;
			projectDirPath = "";
			projectRoot = "";
			targets = (
				667850572F4C4C32004B5EE5 /* SwiftUI-Navigation-PoC */,
				667850642F4C4C35004B5EE5 /* SwiftUI-Navigation-PoCTests */,
				6678506E2F4C4C35004B5EE5 /* SwiftUI-Navigation-PoCUITests */,
			);
		};
/* End PBXProject section */

/* Begin PBXResourcesBuildPhase section */
		667850562F4C4C32004B5EE5 /* Resources */ = {
			isa = PBXResourcesBuildPhase;
			buildActionMask = 2147483647;
			files = (
			);
			runOnlyForDeploymentPostprocessing = 0;
		};
		667850632F4C4C35004B5EE5 /* Resources */ = {
			isa = PBXResourcesBuildPhase;
			buildActionMask = 2147483647;
			files = (
			);
			runOnlyForDeploymentPostprocessing = 0;
		};
		6678506D2F4C4C35004B5EE5 /* Resources */ = {
			isa = PBXResourcesBuildPhase;
			buildActionMask = 2147483647;
			files = (
			);
			runOnlyForDeploymentPostprocessing = 0;
		};
/* End PBXResourcesBuildPhase section */

/* Begin PBXSourcesBuildPhase section */
		667850542F4C4C32004B5EE5 /* Sources */ = {
			isa = PBXSourcesBuildPhase;
			buildActionMask = 2147483647;
			files = (
			);
			runOnlyForDeploymentPostprocessing = 0;
		};
		667850612F4C4C35004B5EE5 /* Sources */ = {
			isa = PBXSourcesBuildPhase;
			buildActionMask = 2147483647;
			files = (
			);
			runOnlyForDeploymentPostprocessing = 0;
		};
		6678506B2F4C4C35004B5EE5 /* Sources */ = {
			isa = PBXSourcesBuildPhase;
			buildActionMask = 2147483647;
			files = (
			);
			runOnlyForDeploymentPostprocessing = 0;
		};
/* End PBXSourcesBuildPhase section */

/* Begin PBXTargetDependency section */
		667850672F4C4C35004B5EE5 /* PBXTargetDependency */ = {
			isa = PBXTargetDependency;
			target = 667850572F4C4C32004B5EE5 /* SwiftUI-Navigation-PoC */;
			targetProxy = 667850662F4C4C35004B5EE5 /* PBXContainerItemProxy */;
		};
		667850712F4C4C35004B5EE5 /* PBXTargetDependency */ = {
			isa = PBXTargetDependency;
			target = 667850572F4C4C32004B5EE5 /* SwiftUI-Navigation-PoC */;
			targetProxy = 667850702F4C4C35004B5EE5 /* PBXContainerItemProxy */;
		};
/* End PBXTargetDependency section */

/* Begin XCBuildConfiguration section */
		667850772F4C4C35004B5EE5 /* Debug */ = {
			isa = XCBuildConfiguration;
			buildSettings = {
				ALWAYS_SEARCH_USER_PATHS = NO;
				ASSETCATALOG_COMPILER_GENERATE_SWIFT_ASSET_SYMBOL_EXTENSIONS = YES;
				CLANG_ANALYZER_NONNULL = YES;
				CLANG_ANALYZER_NUMBER_OBJECT_CONVERSION = YES_AGGRESSIVE;
				CLANG_CXX_LANGUAGE_STANDARD = "gnu++20";
				CLANG_ENABLE_MODULES = YES;
				CLANG_ENABLE_OBJC_ARC = YES;
				CLANG_ENABLE_OBJC_WEAK = YES;
				CLANG_WARN_BLOCK_CAPTURE_AUTORELEASING = YES;
				CLANG_WARN_BOOL_CONVERSION = YES;
				CLANG_WARN_COMMA = YES;
				CLANG_WARN_CONSTANT_CONVERSION = YES;
				CLANG_WARN_DEPRECATED_OBJC_IMPLEMENTATIONS = YES;
				CLANG_WARN_DIRECT_OBJC_ISA_USAGE = YES_ERROR;
				CLANG_WARN_DOCUMENTATION_COMMENTS = YES;
				CLANG_WARN_EMPTY_BODY = YES;
				CLANG_WARN_ENUM_CONVERSION = YES;
				CLANG_WARN_INFINITE_RECURSION = YES;
				CLANG_WARN_INT_CONVERSION = YES;
				CLANG_WARN_NON_LITERAL_NULL_CONVERSION = YES;
				CLANG_WARN_OBJC_IMPLICIT_RETAIN_SELF = YES;
				CLANG_WARN_OBJC_LITERAL_CONVERSION = YES;
				CLANG_WARN_OBJC_ROOT_CLASS = YES_ERROR;
				CLANG_WARN_QUOTED_INCLUDE_IN_FRAMEWORK_HEADER = YES;
				CLANG_WARN_RANGE_LOOP_ANALYSIS = YES;
				CLANG_WARN_STRICT_PROTOTYPES = YES;
				CLANG_WARN_SUSPICIOUS_MOVE = YES;
				CLANG_WARN_UNGUARDED_AVAILABILITY = YES_AGGRESSIVE;
				CLANG_WARN_UNREACHABLE_CODE = YES;
				CLANG_WARN__DUPLICATE_METHOD_MATCH = YES;
				COPY_PHASE_STRIP = NO;
				DEBUG_INFORMATION_FORMAT = dwarf;
				DEVELOPMENT_TEAM = ST823QU25Q;
				ENABLE_STRICT_OBJC_MSGSEND = YES;
				ENABLE_TESTABILITY = YES;
				ENABLE_USER_SCRIPT_SANDBOXING = YES;
				GCC_C_LANGUAGE_STANDARD = gnu17;
				GCC_DYNAMIC_NO_PIC = NO;
				GCC_NO_COMMON_BLOCKS = YES;
				GCC_OPTIMIZATION_LEVEL = 0;
				GCC_PREPROCESSOR_DEFINITIONS = (
					"DEBUG=1",
					"$(inherited)",
				);
				GCC_WARN_64_TO_32_BIT_CONVERSION = YES;
				GCC_WARN_ABOUT_RETURN_TYPE = YES_ERROR;
				GCC_WARN_UNDECLARED_SELECTOR = YES;
				GCC_WARN_UNINITIALIZED_AUTOS = YES_AGGRESSIVE;
				GCC_WARN_UNUSED_FUNCTION = YES;
				GCC_WARN_UNUSED_VARIABLE = YES;
				IPHONEOS_DEPLOYMENT_TARGET = 26.2;
				LOCALIZATION_PREFERS_STRING_CATALOGS = YES;
				MTL_ENABLE_DEBUG_INFO = INCLUDE_SOURCE;
				MTL_FAST_MATH = YES;
				ONLY_ACTIVE_ARCH = YES;
				SDKROOT = iphoneos;
				SWIFT_ACTIVE_COMPILATION_CONDITIONS = "DEBUG $(inherited)";
				SWIFT_OPTIMIZATION_LEVEL = "-Onone";
			};
			name = Debug;
		};
		667850782F4C4C35004B5EE5 /* Release */ = {
			isa = XCBuildConfiguration;
			buildSettings = {
				ALWAYS_SEARCH_USER_PATHS = NO;
				ASSETCATALOG_COMPILER_GENERATE_SWIFT_ASSET_SYMBOL_EXTENSIONS = YES;
				CLANG_ANALYZER_NONNULL = YES;
				CLANG_ANALYZER_NUMBER_OBJECT_CONVERSION = YES_AGGRESSIVE;
				CLANG_CXX_LANGUAGE_STANDARD = "gnu++20";
				CLANG_ENABLE_MODULES = YES;
				CLANG_ENABLE_OBJC_ARC = YES;
				CLANG_ENABLE_OBJC_WEAK = YES;
				CLANG_WARN_BLOCK_CAPTURE_AUTORELEASING = YES;
				CLANG_WARN_BOOL_CONVERSION = YES;
				CLANG_WARN_COMMA = YES;
				CLANG_WARN_CONSTANT_CONVERSION = YES;
				CLANG_WARN_DEPRECATED_OBJC_IMPLEMENTATIONS = YES;
				CLANG_WARN_DIRECT_OBJC_ISA_USAGE = YES_ERROR;
				CLANG_WARN_DOCUMENTATION_COMMENTS = YES;
				CLANG_WARN_EMPTY_BODY = YES;
				CLANG_WARN_ENUM_CONVERSION = YES;
				CLANG_WARN_INFINITE_RECURSION = YES;
				CLANG_WARN_INT_CONVERSION = YES;
				CLANG_WARN_NON_LITERAL_NULL_CONVERSION = YES;
				CLANG_WARN_OBJC_IMPLICIT_RETAIN_SELF = YES;
				CLANG_WARN_OBJC_LITERAL_CONVERSION = YES;
				CLANG_WARN_OBJC_ROOT_CLASS = YES_ERROR;
				CLANG_WARN_QUOTED_INCLUDE_IN_FRAMEWORK_HEADER = YES;
				CLANG_WARN_RANGE_LOOP_ANALYSIS = YES;
				CLANG_WARN_STRICT_PROTOTYPES = YES;
				CLANG_WARN_SUSPICIOUS_MOVE = YES;
				CLANG_WARN_UNGUARDED_AVAILABILITY = YES_AGGRESSIVE;
				CLANG_WARN_UNREACHABLE_CODE = YES;
				CLANG_WARN__DUPLICATE_METHOD_MATCH = YES;
				COPY_PHASE_STRIP = NO;
				DEBUG_INFORMATION_FORMAT = "dwarf-with-dsym";
				DEVELOPMENT_TEAM = ST823QU25Q;
				ENABLE_NS_ASSERTIONS = NO;
				ENABLE_STRICT_OBJC_MSGSEND = YES;
				ENABLE_USER_SCRIPT_SANDBOXING = YES;
				GCC_C_LANGUAGE_STANDARD = gnu17;
				GCC_NO_COMMON_BLOCKS = YES;
				GCC_WARN_64_TO_32_BIT_CONVERSION = YES;
				GCC_WARN_ABOUT_RETURN_TYPE = YES_ERROR;
				GCC_WARN_UNDECLARED_SELECTOR = YES;
				GCC_WARN_UNINITIALIZED_AUTOS = YES_AGGRESSIVE;
				GCC_WARN_UNUSED_FUNCTION = YES;
				GCC_WARN_UNUSED_VARIABLE = YES;
				IPHONEOS_DEPLOYMENT_TARGET = 26.2;
				LOCALIZATION_PREFERS_STRING_CATALOGS = YES;
				MTL_ENABLE_DEBUG_INFO = NO;
				MTL_FAST_MATH = YES;
				SDKROOT = iphoneos;
				SWIFT_COMPILATION_MODE = wholemodule;
				VALIDATE_PRODUCT = YES;
			};
			name = Release;
		};
		6678507A2F4C4C35004B5EE5 /* Debug */ = {
			isa = XCBuildConfiguration;
			buildSettings = {
				ASSETCATALOG_COMPILER_APPICON_NAME = AppIcon;
				ASSETCATALOG_COMPILER_GLOBAL_ACCENT_COLOR_NAME = AccentColor;
				CODE_SIGN_STYLE = Automatic;
				CURRENT_PROJECT_VERSION = 1;
				DEVELOPMENT_TEAM = ST823QU25Q;
				ENABLE_PREVIEWS = YES;
				GENERATE_INFOPLIST_FILE = YES;
				INFOPLIST_KEY_UIApplicationSceneManifest_Generation = YES;
				INFOPLIST_KEY_UIApplicationSupportsIndirectInputEvents = YES;
				INFOPLIST_KEY_UILaunchScreen_Generation = YES;
				INFOPLIST_KEY_UISupportedInterfaceOrientations_iPad = "UIInterfaceOrientationPortrait UIInterfaceOrientationPortraitUpsideDown UIInterfaceOrientationLandscapeLeft UIInterfaceOrientationLandscapeRight";
				INFOPLIST_KEY_UISupportedInterfaceOrientations_iPhone = "UIInterfaceOrientationPortrait UIInterfaceOrientationLandscapeLeft UIInterfaceOrientationLandscapeRight";
				LD_RUNPATH_SEARCH_PATHS = (
					"$(inherited)",
					"@executable_path/Frameworks",
				);
				MARKETING_VERSION = 1.0;
				PRODUCT_BUNDLE_IDENTIFIER = "com.akula.SwiftUI-Navigation-PoC";
				PRODUCT_NAME = "$(TARGET_NAME)";
				STRING_CATALOG_GENERATE_SYMBOLS = YES;
				SWIFT_APPROACHABLE_CONCURRENCY = YES;
				SWIFT_DEFAULT_ACTOR_ISOLATION = MainActor;
				SWIFT_EMIT_LOC_STRINGS = YES;
				SWIFT_UPCOMING_FEATURE_MEMBER_IMPORT_VISIBILITY = YES;
				SWIFT_VERSION = 5.0;
				TARGETED_DEVICE_FAMILY = "1,2";
			};
			name = Debug;
		};
		6678507B2F4C4C35004B5EE5 /* Release */ = {
			isa = XCBuildConfiguration;
			buildSettings = {
				ASSETCATALOG_COMPILER_APPICON_NAME = AppIcon;
				ASSETCATALOG_COMPILER_GLOBAL_ACCENT_COLOR_NAME = AccentColor;
				CODE_SIGN_STYLE = Automatic;
				CURRENT_PROJECT_VERSION = 1;
				DEVELOPMENT_TEAM = ST823QU25Q;
				ENABLE_PREVIEWS = YES;
				GENERATE_INFOPLIST_FILE = YES;
				INFOPLIST_KEY_UIApplicationSceneManifest_Generation = YES;
				INFOPLIST_KEY_UIApplicationSupportsIndirectInputEvents = YES;
				INFOPLIST_KEY_UILaunchScreen_Generation = YES;
				INFOPLIST_KEY_UISupportedInterfaceOrientations_iPad = "UIInterfaceOrientationPortrait UIInterfaceOrientationPortraitUpsideDown UIInterfaceOrientationLandscapeLeft UIInterfaceOrientationLandscapeRight";
				INFOPLIST_KEY_UISupportedInterfaceOrientations_iPhone = "UIInterfaceOrientationPortrait UIInterfaceOrientationLandscapeLeft UIInterfaceOrientationLandscapeRight";
				LD_RUNPATH_SEARCH_PATHS = (
					"$(inherited)",
					"@executable_path/Frameworks",
				);
				MARKETING_VERSION = 1.0;
				PRODUCT_BUNDLE_IDENTIFIER = "com.akula.SwiftUI-Navigation-PoC";
				PRODUCT_NAME = "$(TARGET_NAME)";
				STRING_CATALOG_GENERATE_SYMBOLS = YES;
				SWIFT_APPROACHABLE_CONCURRENCY = YES;
				SWIFT_DEFAULT_ACTOR_ISOLATION = MainActor;
				SWIFT_EMIT_LOC_STRINGS = YES;
				SWIFT_UPCOMING_FEATURE_MEMBER_IMPORT_VISIBILITY = YES;
				SWIFT_VERSION = 5.0;
				TARGETED_DEVICE_FAMILY = "1,2";
			};
			name = Release;
		};
		6678507D2F4C4C35004B5EE5 /* Debug */ = {
			isa = XCBuildConfiguration;
			buildSettings = {
				BUNDLE_LOADER = "$(TEST_HOST)";
				CODE_SIGN_STYLE = Automatic;
				CURRENT_PROJECT_VERSION = 1;
				DEVELOPMENT_TEAM = ST823QU25Q;
				GENERATE_INFOPLIST_FILE = YES;
				IPHONEOS_DEPLOYMENT_TARGET = 26.2;
				MARKETING_VERSION = 1.0;
				PRODUCT_BUNDLE_IDENTIFIER = "com.akula.SwiftUI-Navigation-PoCTests";
				PRODUCT_NAME = "$(TARGET_NAME)";
				STRING_CATALOG_GENERATE_SYMBOLS = NO;
				SWIFT_APPROACHABLE_CONCURRENCY = YES;
				SWIFT_EMIT_LOC_STRINGS = NO;
				SWIFT_UPCOMING_FEATURE_MEMBER_IMPORT_VISIBILITY = YES;
				SWIFT_VERSION = 5.0;
				TARGETED_DEVICE_FAMILY = "1,2";
				TEST_HOST = "$(BUILT_PRODUCTS_DIR)/SwiftUI-Navigation-PoC.app/$(BUNDLE_EXECUTABLE_FOLDER_PATH)/SwiftUI-Navigation-PoC";
			};
			name = Debug;
		};
		6678507E2F4C4C35004B5EE5 /* Release */ = {
			isa = XCBuildConfiguration;
			buildSettings = {
				BUNDLE_LOADER = "$(TEST_HOST)";
				CODE_SIGN_STYLE = Automatic;
				CURRENT_PROJECT_VERSION = 1;
				DEVELOPMENT_TEAM = ST823QU25Q;
				GENERATE_INFOPLIST_FILE = YES;
				IPHONEOS_DEPLOYMENT_TARGET = 26.2;
				MARKETING_VERSION = 1.0;
				PRODUCT_BUNDLE_IDENTIFIER = "com.akula.SwiftUI-Navigation-PoCTests";
				PRODUCT_NAME = "$(TARGET_NAME)";
				STRING_CATALOG_GENERATE_SYMBOLS = NO;
				SWIFT_APPROACHABLE_CONCURRENCY = YES;
				SWIFT_EMIT_LOC_STRINGS = NO;
				SWIFT_UPCOMING_FEATURE_MEMBER_IMPORT_VISIBILITY = YES;
				SWIFT_VERSION = 5.0;
				TARGETED_DEVICE_FAMILY = "1,2";
				TEST_HOST = "$(BUILT_PRODUCTS_DIR)/SwiftUI-Navigation-PoC.app/$(BUNDLE_EXECUTABLE_FOLDER_PATH)/SwiftUI-Navigation-PoC";
			};
			name = Release;
		};
		667850802F4C4C35004B5EE5 /* Debug */ = {
			isa = XCBuildConfiguration;
			buildSettings = {
				CODE_SIGN_STYLE = Automatic;
				CURRENT_PROJECT_VERSION = 1;
				DEVELOPMENT_TEAM = ST823QU25Q;
				GENERATE_INFOPLIST_FILE = YES;
				MARKETING_VERSION = 1.0;
				PRODUCT_BUNDLE_IDENTIFIER = "com.akula.SwiftUI-Navigation-PoCUITests";
				PRODUCT_NAME = "$(TARGET_NAME)";
				STRING_CATALOG_GENERATE_SYMBOLS = NO;
				SWIFT_APPROACHABLE_CONCURRENCY = YES;
				SWIFT_EMIT_LOC_STRINGS = NO;
				SWIFT_UPCOMING_FEATURE_MEMBER_IMPORT_VISIBILITY = YES;
				SWIFT_VERSION = 5.0;
				TARGETED_DEVICE_FAMILY = "1,2";
				TEST_TARGET_NAME = "SwiftUI-Navigation-PoC";
			};
			name = Debug;
		};
		667850812F4C4C35004B5EE5 /* Release */ = {
			isa = XCBuildConfiguration;
			buildSettings = {
				CODE_SIGN_STYLE = Automatic;
				CURRENT_PROJECT_VERSION = 1;
				DEVELOPMENT_TEAM = ST823QU25Q;
				GENERATE_INFOPLIST_FILE = YES;
				MARKETING_VERSION = 1.0;
				PRODUCT_BUNDLE_IDENTIFIER = "com.akula.SwiftUI-Navigation-PoCUITests";
				PRODUCT_NAME = "$(TARGET_NAME)";
				STRING_CATALOG_GENERATE_SYMBOLS = NO;
				SWIFT_APPROACHABLE_CONCURRENCY = YES;
				SWIFT_EMIT_LOC_STRINGS = NO;
				SWIFT_UPCOMING_FEATURE_MEMBER_IMPORT_VISIBILITY = YES;
				SWIFT_VERSION = 5.0;
				TARGETED_DEVICE_FAMILY = "1,2";
				TEST_TARGET_NAME = "SwiftUI-Navigation-PoC";
			};
			name = Release;
		};
/* End XCBuildConfiguration section */

/* Begin XCConfigurationList section */
		667850532F4C4C32004B5EE5 /* Build configuration list for PBXProject "SwiftUI-Navigation-PoC" */ = {
			isa = XCConfigurationList;
			buildConfigurations = (
				667850772F4C4C35004B5EE5 /* Debug */,
				667850782F4C4C35004B5EE5 /* Release */,
			);
			defaultConfigurationIsVisible = 0;
			defaultConfigurationName = Release;
		};
		667850792F4C4C35004B5EE5 /* Build configuration list for PBXNativeTarget "SwiftUI-Navigation-PoC" */ = {
			isa = XCConfigurationList;
			buildConfigurations = (
				6678507A2F4C4C35004B5EE5 /* Debug */,
				6678507B2F4C4C35004B5EE5 /* Release */,
			);
			defaultConfigurationIsVisible = 0;
			defaultConfigurationName = Release;
		};
		6678507C2F4C4C35004B5EE5 /* Build configuration list for PBXNativeTarget "SwiftUI-Navigation-PoCTests" */ = {
			isa = XCConfigurationList;
			buildConfigurations = (
				6678507D2F4C4C35004B5EE5 /* Debug */,
				6678507E2F4C4C35004B5EE5 /* Release */,
			);
			defaultConfigurationIsVisible = 0;
			defaultConfigurationName = Release;
		};
		6678507F2F4C4C35004B5EE5 /* Build configuration list for PBXNativeTarget "SwiftUI-Navigation-PoCUITests" */ = {
			isa = XCConfigurationList;
			buildConfigurations = (
				667850802F4C4C35004B5EE5 /* Debug */,
				667850812F4C4C35004B5EE5 /* Release */,
			);
			defaultConfigurationIsVisible = 0;
			defaultConfigurationName = Release;
		};
/* End XCConfigurationList section */
	};
	rootObject = 667850502F4C4C32004B5EE5 /* Project object */;
}
